// !$*UTF8*$!
{
	archiveVersion = 1;
	classes = {
	};
	objectVersion = 50;
	objects = {

/* Begin PBXBuildFile section */
		3A17BF9021A35AB300B22DCA /* EnqueuePopupController.swift in Sources */ = {isa = PBXBuildFile; fileRef = 3A17BF8F21A35AB300B22DCA /* EnqueuePopupController.swift */; };
		3A23B4E221A08A74003AC3ED /* QueueWithSectionsDelegate.swift in Sources */ = {isa = PBXBuildFile; fileRef = 3A23B4E121A08A74003AC3ED /* QueueWithSectionsDelegate.swift */; };
		3A23B4E421A0A1B7003AC3ED /* QueueWithSectionsOptions.swift in Sources */ = {isa = PBXBuildFile; fileRef = 3A23B4E321A0A1B7003AC3ED /* QueueWithSectionsOptions.swift */; };
		3A3B032F21A0248600FD1121 /* QueueWithSections.swift in Sources */ = {isa = PBXBuildFile; fileRef = 3A3B032E21A0248600FD1121 /* QueueWithSections.swift */; };
		3A494ABF22370FA300C6EB75 /* ColorThemeChangeable.swift in Sources */ = {isa = PBXBuildFile; fileRef = 3A494ABE22370FA300C6EB75 /* ColorThemeChangeable.swift */; };
		3A494AC122371BEE00C6EB75 /* UINavigationControllerExtensions.swift in Sources */ = {isa = PBXBuildFile; fileRef = 3A494AC022371BEE00C6EB75 /* UINavigationControllerExtensions.swift */; };
		3A49C8EE2220BD0100D25B8C /* ColorThemeSettingCell.swift in Sources */ = {isa = PBXBuildFile; fileRef = 3A49C8ED2220BD0100D25B8C /* ColorThemeSettingCell.swift */; };
		3A58231E2205AFC10095E479 /* DequeuePopupButton.swift in Sources */ = {isa = PBXBuildFile; fileRef = 3A58231D2205AFC10095E479 /* DequeuePopupButton.swift */; };
		3A5B8BE121CDACAB00DEF3DE /* WorkflowCell.swift in Sources */ = {isa = PBXBuildFile; fileRef = 3A5B8BE021CDACAB00DEF3DE /* WorkflowCell.swift */; };
		3A741E952198C85E00763028 /* AppDelegate.swift in Sources */ = {isa = PBXBuildFile; fileRef = 3A741E942198C85E00763028 /* AppDelegate.swift */; };
		3A741E972198C85E00763028 /* ViewController.swift in Sources */ = {isa = PBXBuildFile; fileRef = 3A741E962198C85E00763028 /* ViewController.swift */; };
		3A741E9F2198C86000763028 /* LaunchScreen.storyboard in Resources */ = {isa = PBXBuildFile; fileRef = 3A741E9D2198C86000763028 /* LaunchScreen.storyboard */; };
		3A741EAA2198C86000763028 /* WorkingQueueTests.swift in Sources */ = {isa = PBXBuildFile; fileRef = 3A741EA92198C86000763028 /* WorkingQueueTests.swift */; };
		3A741EB52198D6B900763028 /* SingleQueueController.swift in Sources */ = {isa = PBXBuildFile; fileRef = 3A741EB42198D6B900763028 /* SingleQueueController.swift */; };
		3A741EB92198DEE700763028 /* EnqueuePopupBuilder.swift in Sources */ = {isa = PBXBuildFile; fileRef = 3A741EB82198DEE700763028 /* EnqueuePopupBuilder.swift */; };
		3A778BD92214E72A00CA82C7 /* SettingsController.swift in Sources */ = {isa = PBXBuildFile; fileRef = 3A778BD82214E72A00CA82C7 /* SettingsController.swift */; };
		3A778BDB2214EC9F00CA82C7 /* UIStatusBarStyleExtensions.swift in Sources */ = {isa = PBXBuildFile; fileRef = 3A778BDA2214EC9F00CA82C7 /* UIStatusBarStyleExtensions.swift */; };
		3A92995B219AA8CE001A6ECD /* SingleQueueHeaderLabel.swift in Sources */ = {isa = PBXBuildFile; fileRef = 3A92995A219AA8CE001A6ECD /* SingleQueueHeaderLabel.swift */; };
		3A9B6253220F818100B68BD1 /* MainContainerController.swift in Sources */ = {isa = PBXBuildFile; fileRef = 3A9B6252220F818100B68BD1 /* MainContainerController.swift */; };
		3AA05A1E21C93A6B00C32C7E /* WorkflowsController.swift in Sources */ = {isa = PBXBuildFile; fileRef = 3AA05A1D21C93A6B00C32C7E /* WorkflowsController.swift */; };
		3AA150F8220624A8008E7727 /* UIViewControllerExtensions.swift in Sources */ = {isa = PBXBuildFile; fileRef = 3AA150F7220624A8008E7727 /* UIViewControllerExtensions.swift */; };
		3AB8C6A521C844A9008C26F5 /* Theme.swift in Sources */ = {isa = PBXBuildFile; fileRef = 3AB8C6A421C844A9008C26F5 /* Theme.swift */; };
		3AB8C6A821C8475D008C26F5 /* ColorThemeType.swift in Sources */ = {isa = PBXBuildFile; fileRef = 3AB8C6A721C8475D008C26F5 /* ColorThemeType.swift */; };
		3AB8C6AA21C84771008C26F5 /* ColorTheme.swift in Sources */ = {isa = PBXBuildFile; fileRef = 3AB8C6A921C84771008C26F5 /* ColorTheme.swift */; };
		3AB8C6AC21C84789008C26F5 /* DarkColorTheme.swift in Sources */ = {isa = PBXBuildFile; fileRef = 3AB8C6AB21C84789008C26F5 /* DarkColorTheme.swift */; };
		3AB8C6AE21C847A3008C26F5 /* LightColorTheme.swift in Sources */ = {isa = PBXBuildFile; fileRef = 3AB8C6AD21C847A3008C26F5 /* LightColorTheme.swift */; };
		3AB8C6B221C84CCD008C26F5 /* UIColorExtensions.swift in Sources */ = {isa = PBXBuildFile; fileRef = 3AB8C6B121C84CCD008C26F5 /* UIColorExtensions.swift */; };
		3AB8C6B421C866D1008C26F5 /* UIBarStyleExtensions.swift in Sources */ = {isa = PBXBuildFile; fileRef = 3AB8C6B321C866D1008C26F5 /* UIBarStyleExtensions.swift */; };
		3AD0AE0621F51D8A0072BA2A /* WorkflowEntry.swift in Sources */ = {isa = PBXBuildFile; fileRef = 3AD0AE0521F51D8A0072BA2A /* WorkflowEntry.swift */; };
		3AD0AE0821F51E290072BA2A /* QueueEntry.swift in Sources */ = {isa = PBXBuildFile; fileRef = 3AD0AE0721F51E290072BA2A /* QueueEntry.swift */; };
		3ADB899B2199EC8500FC2BA5 /* DeleteContextualAction.swift in Sources */ = {isa = PBXBuildFile; fileRef = 3ADB899A2199EC8500FC2BA5 /* DeleteContextualAction.swift */; };
		3ADB89A3219A025900FC2BA5 /* ControlBar.swift in Sources */ = {isa = PBXBuildFile; fileRef = 3ADB89A2219A025900FC2BA5 /* ControlBar.swift */; };
		3ADB89A5219A0D6100FC2BA5 /* ControlBarDelegate.swift in Sources */ = {isa = PBXBuildFile; fileRef = 3ADB89A4219A0D6100FC2BA5 /* ControlBarDelegate.swift */; };
		3ADB89A7219A18A700FC2BA5 /* Assets.xcassets in Resources */ = {isa = PBXBuildFile; fileRef = 3ADB89A6219A18A700FC2BA5 /* Assets.xcassets */; };
		3AE58C5A2204C1CA00616CBA /* DequeuePopupBuilder.swift in Sources */ = {isa = PBXBuildFile; fileRef = 3AE58C592204C1CA00616CBA /* DequeuePopupBuilder.swift */; };
		3AE58C5C2204C26C00616CBA /* DequeuePopupController.swift in Sources */ = {isa = PBXBuildFile; fileRef = 3AE58C5B2204C26C00616CBA /* DequeuePopupController.swift */; };
		3AE58C5E2204CDEE00616CBA /* PopupBuilder.swift in Sources */ = {isa = PBXBuildFile; fileRef = 3AE58C5D2204CDEE00616CBA /* PopupBuilder.swift */; };
		70ED888FECA927796252FA0C /* Pods_WorkingQueue.framework in Frameworks */ = {isa = PBXBuildFile; fileRef = 1F9C049793B51D81E21DBC74 /* Pods_WorkingQueue.framework */; };
		DB107B5B9DA768C48EE13E98 /* Pods_WorkingQueueTests.framework in Frameworks */ = {isa = PBXBuildFile; fileRef = B910F4FAB3F8696893C98049 /* Pods_WorkingQueueTests.framework */; };
/* End PBXBuildFile section */

/* Begin PBXContainerItemProxy section */
		3A741EA62198C86000763028 /* PBXContainerItemProxy */ = {
			isa = PBXContainerItemProxy;
			containerPortal = 3A741E892198C85E00763028 /* Project object */;
			proxyType = 1;
			remoteGlobalIDString = 3A741E902198C85E00763028;
			remoteInfo = WorkingQueue;
		};
/* End PBXContainerItemProxy section */

/* Begin PBXFileReference section */
		1F9C049793B51D81E21DBC74 /* Pods_WorkingQueue.framework */ = {isa = PBXFileReference; explicitFileType = wrapper.framework; includeInIndex = 0; path = Pods_WorkingQueue.framework; sourceTree = BUILT_PRODUCTS_DIR; };
		3A17BF8F21A35AB300B22DCA /* EnqueuePopupController.swift */ = {isa = PBXFileReference; lastKnownFileType = sourcecode.swift; path = EnqueuePopupController.swift; sourceTree = "<group>"; };
		3A23B4E121A08A74003AC3ED /* QueueWithSectionsDelegate.swift */ = {isa = PBXFileReference; lastKnownFileType = sourcecode.swift; path = QueueWithSectionsDelegate.swift; sourceTree = "<group>"; };
		3A23B4E321A0A1B7003AC3ED /* QueueWithSectionsOptions.swift */ = {isa = PBXFileReference; lastKnownFileType = sourcecode.swift; path = QueueWithSectionsOptions.swift; sourceTree = "<group>"; };
		3A3B032E21A0248600FD1121 /* QueueWithSections.swift */ = {isa = PBXFileReference; lastKnownFileType = sourcecode.swift; path = QueueWithSections.swift; sourceTree = "<group>"; };
		3A494ABE22370FA300C6EB75 /* ColorThemeChangeable.swift */ = {isa = PBXFileReference; lastKnownFileType = sourcecode.swift; path = ColorThemeChangeable.swift; sourceTree = "<group>"; };
		3A494AC022371BEE00C6EB75 /* UINavigationControllerExtensions.swift */ = {isa = PBXFileReference; lastKnownFileType = sourcecode.swift; path = UINavigationControllerExtensions.swift; sourceTree = "<group>"; };
		3A49C8ED2220BD0100D25B8C /* ColorThemeSettingCell.swift */ = {isa = PBXFileReference; lastKnownFileType = sourcecode.swift; path = ColorThemeSettingCell.swift; sourceTree = "<group>"; };
		3A58231D2205AFC10095E479 /* DequeuePopupButton.swift */ = {isa = PBXFileReference; lastKnownFileType = sourcecode.swift; path = DequeuePopupButton.swift; sourceTree = "<group>"; };
		3A5B8BE021CDACAB00DEF3DE /* WorkflowCell.swift */ = {isa = PBXFileReference; lastKnownFileType = sourcecode.swift; path = WorkflowCell.swift; sourceTree = "<group>"; };
		3A741E912198C85E00763028 /* WorkingQueue.app */ = {isa = PBXFileReference; explicitFileType = wrapper.application; includeInIndex = 0; path = WorkingQueue.app; sourceTree = BUILT_PRODUCTS_DIR; };
		3A741E942198C85E00763028 /* AppDelegate.swift */ = {isa = PBXFileReference; lastKnownFileType = sourcecode.swift; path = AppDelegate.swift; sourceTree = "<group>"; };
		3A741E962198C85E00763028 /* ViewController.swift */ = {isa = PBXFileReference; lastKnownFileType = sourcecode.swift; path = ViewController.swift; sourceTree = "<group>"; };
		3A741E9E2198C86000763028 /* Base */ = {isa = PBXFileReference; lastKnownFileType = file.storyboard; name = Base; path = Base.lproj/LaunchScreen.storyboard; sourceTree = "<group>"; };
		3A741EA02198C86000763028 /* Info.plist */ = {isa = PBXFileReference; lastKnownFileType = text.plist.xml; path = Info.plist; sourceTree = "<group>"; };
		3A741EA52198C86000763028 /* WorkingQueueTests.xctest */ = {isa = PBXFileReference; explicitFileType = wrapper.cfbundle; includeInIndex = 0; path = WorkingQueueTests.xctest; sourceTree = BUILT_PRODUCTS_DIR; };
		3A741EA92198C86000763028 /* WorkingQueueTests.swift */ = {isa = PBXFileReference; lastKnownFileType = sourcecode.swift; path = WorkingQueueTests.swift; sourceTree = "<group>"; };
		3A741EAB2198C86000763028 /* Info.plist */ = {isa = PBXFileReference; lastKnownFileType = text.plist.xml; path = Info.plist; sourceTree = "<group>"; };
		3A741EB42198D6B900763028 /* SingleQueueController.swift */ = {isa = PBXFileReference; lastKnownFileType = sourcecode.swift; path = SingleQueueController.swift; sourceTree = "<group>"; };
		3A741EB82198DEE700763028 /* EnqueuePopupBuilder.swift */ = {isa = PBXFileReference; lastKnownFileType = sourcecode.swift; path = EnqueuePopupBuilder.swift; sourceTree = "<group>"; };
		3A778BD82214E72A00CA82C7 /* SettingsController.swift */ = {isa = PBXFileReference; lastKnownFileType = sourcecode.swift; path = SettingsController.swift; sourceTree = "<group>"; };
		3A778BDA2214EC9F00CA82C7 /* UIStatusBarStyleExtensions.swift */ = {isa = PBXFileReference; lastKnownFileType = sourcecode.swift; path = UIStatusBarStyleExtensions.swift; sourceTree = "<group>"; };
		3A92995A219AA8CE001A6ECD /* SingleQueueHeaderLabel.swift */ = {isa = PBXFileReference; lastKnownFileType = sourcecode.swift; path = SingleQueueHeaderLabel.swift; sourceTree = "<group>"; };
		3A9B6252220F818100B68BD1 /* MainContainerController.swift */ = {isa = PBXFileReference; lastKnownFileType = sourcecode.swift; path = MainContainerController.swift; sourceTree = "<group>"; };
		3AA05A1D21C93A6B00C32C7E /* WorkflowsController.swift */ = {isa = PBXFileReference; lastKnownFileType = sourcecode.swift; path = WorkflowsController.swift; sourceTree = "<group>"; };
		3AA150F7220624A8008E7727 /* UIViewControllerExtensions.swift */ = {isa = PBXFileReference; lastKnownFileType = sourcecode.swift; path = UIViewControllerExtensions.swift; sourceTree = "<group>"; };
		3AB8C6A421C844A9008C26F5 /* Theme.swift */ = {isa = PBXFileReference; lastKnownFileType = sourcecode.swift; path = Theme.swift; sourceTree = "<group>"; };
		3AB8C6A721C8475D008C26F5 /* ColorThemeType.swift */ = {isa = PBXFileReference; lastKnownFileType = sourcecode.swift; path = ColorThemeType.swift; sourceTree = "<group>"; };
		3AB8C6A921C84771008C26F5 /* ColorTheme.swift */ = {isa = PBXFileReference; lastKnownFileType = sourcecode.swift; path = ColorTheme.swift; sourceTree = "<group>"; };
		3AB8C6AB21C84789008C26F5 /* DarkColorTheme.swift */ = {isa = PBXFileReference; lastKnownFileType = sourcecode.swift; path = DarkColorTheme.swift; sourceTree = "<group>"; };
		3AB8C6AD21C847A3008C26F5 /* LightColorTheme.swift */ = {isa = PBXFileReference; lastKnownFileType = sourcecode.swift; path = LightColorTheme.swift; sourceTree = "<group>"; };
		3AB8C6B121C84CCD008C26F5 /* UIColorExtensions.swift */ = {isa = PBXFileReference; lastKnownFileType = sourcecode.swift; path = UIColorExtensions.swift; sourceTree = "<group>"; };
		3AB8C6B321C866D1008C26F5 /* UIBarStyleExtensions.swift */ = {isa = PBXFileReference; lastKnownFileType = sourcecode.swift; path = UIBarStyleExtensions.swift; sourceTree = "<group>"; };
		3AD0AE0521F51D8A0072BA2A /* WorkflowEntry.swift */ = {isa = PBXFileReference; lastKnownFileType = sourcecode.swift; path = WorkflowEntry.swift; sourceTree = "<group>"; };
		3AD0AE0721F51E290072BA2A /* QueueEntry.swift */ = {isa = PBXFileReference; lastKnownFileType = sourcecode.swift; path = QueueEntry.swift; sourceTree = "<group>"; };
		3ADB899A2199EC8500FC2BA5 /* DeleteContextualAction.swift */ = {isa = PBXFileReference; lastKnownFileType = sourcecode.swift; path = DeleteContextualAction.swift; sourceTree = "<group>"; };
		3ADB89A2219A025900FC2BA5 /* ControlBar.swift */ = {isa = PBXFileReference; lastKnownFileType = sourcecode.swift; path = ControlBar.swift; sourceTree = "<group>"; };
		3ADB89A4219A0D6100FC2BA5 /* ControlBarDelegate.swift */ = {isa = PBXFileReference; lastKnownFileType = sourcecode.swift; path = ControlBarDelegate.swift; sourceTree = "<group>"; };
		3ADB89A6219A18A700FC2BA5 /* Assets.xcassets */ = {isa = PBXFileReference; lastKnownFileType = folder.assetcatalog; path = Assets.xcassets; sourceTree = "<group>"; };
		3AE58C592204C1CA00616CBA /* DequeuePopupBuilder.swift */ = {isa = PBXFileReference; lastKnownFileType = sourcecode.swift; path = DequeuePopupBuilder.swift; sourceTree = "<group>"; };
		3AE58C5B2204C26C00616CBA /* DequeuePopupController.swift */ = {isa = PBXFileReference; lastKnownFileType = sourcecode.swift; path = DequeuePopupController.swift; sourceTree = "<group>"; };
		3AE58C5D2204CDEE00616CBA /* PopupBuilder.swift */ = {isa = PBXFileReference; lastKnownFileType = sourcecode.swift; path = PopupBuilder.swift; sourceTree = "<group>"; };
		3FB390107C3F5551CECCC0A8 /* Pods-WorkingQueue.debug.xcconfig */ = {isa = PBXFileReference; includeInIndex = 1; lastKnownFileType = text.xcconfig; name = "Pods-WorkingQueue.debug.xcconfig"; path = "Pods/Target Support Files/Pods-WorkingQueue/Pods-WorkingQueue.debug.xcconfig"; sourceTree = "<group>"; };
		6948198C17FD9A02F4E09022 /* Pods-WorkingQueueTests.debug.xcconfig */ = {isa = PBXFileReference; includeInIndex = 1; lastKnownFileType = text.xcconfig; name = "Pods-WorkingQueueTests.debug.xcconfig"; path = "Pods/Target Support Files/Pods-WorkingQueueTests/Pods-WorkingQueueTests.debug.xcconfig"; sourceTree = "<group>"; };
		7336A9F261E67BE056EE7D55 /* Pods-WorkingQueue.release.xcconfig */ = {isa = PBXFileReference; includeInIndex = 1; lastKnownFileType = text.xcconfig; name = "Pods-WorkingQueue.release.xcconfig"; path = "Pods/Target Support Files/Pods-WorkingQueue/Pods-WorkingQueue.release.xcconfig"; sourceTree = "<group>"; };
		B910F4FAB3F8696893C98049 /* Pods_WorkingQueueTests.framework */ = {isa = PBXFileReference; explicitFileType = wrapper.framework; includeInIndex = 0; path = Pods_WorkingQueueTests.framework; sourceTree = BUILT_PRODUCTS_DIR; };
		CC48AD75B2F97A64C45528C6 /* Pods-WorkingQueueTests.release.xcconfig */ = {isa = PBXFileReference; includeInIndex = 1; lastKnownFileType = text.xcconfig; name = "Pods-WorkingQueueTests.release.xcconfig"; path = "Pods/Target Support Files/Pods-WorkingQueueTests/Pods-WorkingQueueTests.release.xcconfig"; sourceTree = "<group>"; };
/* End PBXFileReference section */

/* Begin PBXFrameworksBuildPhase section */
		3A741E8E2198C85E00763028 /* Frameworks */ = {
			isa = PBXFrameworksBuildPhase;
			buildActionMask = 2147483647;
			files = (
				70ED888FECA927796252FA0C /* Pods_WorkingQueue.framework in Frameworks */,
			);
			runOnlyForDeploymentPostprocessing = 0;
		};
		3A741EA22198C86000763028 /* Frameworks */ = {
			isa = PBXFrameworksBuildPhase;
			buildActionMask = 2147483647;
			files = (
				DB107B5B9DA768C48EE13E98 /* Pods_WorkingQueueTests.framework in Frameworks */,
			);
			runOnlyForDeploymentPostprocessing = 0;
		};
/* End PBXFrameworksBuildPhase section */

/* Begin PBXGroup section */
		3A23B4E021A08A59003AC3ED /* QueueWithSections */ = {
			isa = PBXGroup;
			children = (
				3A3B032E21A0248600FD1121 /* QueueWithSections.swift */,
				3A23B4E121A08A74003AC3ED /* QueueWithSectionsDelegate.swift */,
				3A23B4E321A0A1B7003AC3ED /* QueueWithSectionsOptions.swift */,
			);
			path = QueueWithSections;
			sourceTree = "<group>";
		};
		3A3B032D21A0232A00FD1121 /* Views */ = {
			isa = PBXGroup;
			children = (
				3ADB89A2219A025900FC2BA5 /* ControlBar.swift */,
				3ADB89A4219A0D6100FC2BA5 /* ControlBarDelegate.swift */,
				3A92995A219AA8CE001A6ECD /* SingleQueueHeaderLabel.swift */,
				3A58231D2205AFC10095E479 /* DequeuePopupButton.swift */,
			);
			path = Views;
			sourceTree = "<group>";
		};
		3A741E882198C85E00763028 = {
			isa = PBXGroup;
			children = (
				3A741E932198C85E00763028 /* WorkingQueue */,
				3A741EA82198C86000763028 /* WorkingQueueTests */,
				3A741E922198C85E00763028 /* Products */,
				70E40B91C339B65C41B920D7 /* Pods */,
				B836E1F8A5AC2207C99F6F8A /* Frameworks */,
			);
			sourceTree = "<group>";
		};
		3A741E922198C85E00763028 /* Products */ = {
			isa = PBXGroup;
			children = (
				3A741E912198C85E00763028 /* WorkingQueue.app */,
				3A741EA52198C86000763028 /* WorkingQueueTests.xctest */,
			);
			name = Products;
			sourceTree = "<group>";
		};
		3A741E932198C85E00763028 /* WorkingQueue */ = {
			isa = PBXGroup;
			children = (
				3AA150F62206249B008E7727 /* Extensions */,
				3A741EB62198D6E700763028 /* Features */,
				3AD0AE0221F517940072BA2A /* Model */,
				3A494ABE22370FA300C6EB75 /* ColorThemeChangeable.swift */,
				3A9B6252220F818100B68BD1 /* MainContainerController.swift */,
				3A741E942198C85E00763028 /* AppDelegate.swift */,
				3A741E962198C85E00763028 /* ViewController.swift */,
				3ADB89A6219A18A700FC2BA5 /* Assets.xcassets */,
				3A741E9D2198C86000763028 /* LaunchScreen.storyboard */,
				3A741EA02198C86000763028 /* Info.plist */,
			);
			path = WorkingQueue;
			sourceTree = "<group>";
		};
		3A741EA82198C86000763028 /* WorkingQueueTests */ = {
			isa = PBXGroup;
			children = (
				3A741EA92198C86000763028 /* WorkingQueueTests.swift */,
				3A741EAB2198C86000763028 /* Info.plist */,
			);
			path = WorkingQueueTests;
			sourceTree = "<group>";
		};
		3A741EB62198D6E700763028 /* Features */ = {
			isa = PBXGroup;
			children = (
				3AB8C6A321C8449B008C26F5 /* Settings */,
				3A741EB72198D6F700763028 /* SingleQueue */,
				3AA05A1C21C93A5200C32C7E /* Workflows */,
			);
			path = Features;
			sourceTree = "<group>";
		};
		3A741EB72198D6F700763028 /* SingleQueue */ = {
			isa = PBXGroup;
			children = (
				3A23B4E021A08A59003AC3ED /* QueueWithSections */,
				3AE58C572204C15A00616CBA /* Popups */,
				3A3B032D21A0232A00FD1121 /* Views */,
				3ADB899A2199EC8500FC2BA5 /* DeleteContextualAction.swift */,
				3A741EB42198D6B900763028 /* SingleQueueController.swift */,
			);
			path = SingleQueue;
			sourceTree = "<group>";
		};
		3AA05A1C21C93A5200C32C7E /* Workflows */ = {
			isa = PBXGroup;
			children = (
				3A5B8BE021CDACAB00DEF3DE /* WorkflowCell.swift */,
				3AA05A1D21C93A6B00C32C7E /* WorkflowsController.swift */,
			);
			path = Workflows;
			sourceTree = "<group>";
		};
		3AA150F62206249B008E7727 /* Extensions */ = {
			isa = PBXGroup;
			children = (
				3A494AC022371BEE00C6EB75 /* UINavigationControllerExtensions.swift */,
				3AA150F7220624A8008E7727 /* UIViewControllerExtensions.swift */,
			);
			path = Extensions;
			sourceTree = "<group>";
		};
		3AB8C6A321C8449B008C26F5 /* Settings */ = {
			isa = PBXGroup;
			children = (
				3AB8C6A621C84749008C26F5 /* Theme */,
				3A778BD82214E72A00CA82C7 /* SettingsController.swift */,
				3A49C8ED2220BD0100D25B8C /* ColorThemeSettingCell.swift */,
			);
			path = Settings;
			sourceTree = "<group>";
		};
		3AB8C6A621C84749008C26F5 /* Theme */ = {
			isa = PBXGroup;
			children = (
				3AB8C6A921C84771008C26F5 /* ColorTheme.swift */,
				3AB8C6A721C8475D008C26F5 /* ColorThemeType.swift */,
				3AB8C6AB21C84789008C26F5 /* DarkColorTheme.swift */,
				3AB8C6AD21C847A3008C26F5 /* LightColorTheme.swift */,
				3AB8C6A421C844A9008C26F5 /* Theme.swift */,
				3AB8C6B321C866D1008C26F5 /* UIBarStyleExtensions.swift */,
				3AB8C6B121C84CCD008C26F5 /* UIColorExtensions.swift */,
				3A778BDA2214EC9F00CA82C7 /* UIStatusBarStyleExtensions.swift */,
			);
			path = Theme;
			sourceTree = "<group>";
		};
		3AD0AE0221F517940072BA2A /* Model */ = {
			isa = PBXGroup;
			children = (
				3AD0AE0521F51D8A0072BA2A /* WorkflowEntry.swift */,
				3AD0AE0721F51E290072BA2A /* QueueEntry.swift */,
			);
			path = Model;
			sourceTree = "<group>";
		};
		3AE58C572204C15A00616CBA /* Popups */ = {
			isa = PBXGroup;
			children = (
				3AE58C5B2204C26C00616CBA /* DequeuePopupController.swift */,
				3AE58C592204C1CA00616CBA /* DequeuePopupBuilder.swift */,
				3A741EB82198DEE700763028 /* EnqueuePopupBuilder.swift */,
				3A17BF8F21A35AB300B22DCA /* EnqueuePopupController.swift */,
				3AE58C5D2204CDEE00616CBA /* PopupBuilder.swift */,
			);
			path = Popups;
			sourceTree = "<group>";
		};
		70E40B91C339B65C41B920D7 /* Pods */ = {
			isa = PBXGroup;
			children = (
				3FB390107C3F5551CECCC0A8 /* Pods-WorkingQueue.debug.xcconfig */,
				7336A9F261E67BE056EE7D55 /* Pods-WorkingQueue.release.xcconfig */,
				6948198C17FD9A02F4E09022 /* Pods-WorkingQueueTests.debug.xcconfig */,
				CC48AD75B2F97A64C45528C6 /* Pods-WorkingQueueTests.release.xcconfig */,
			);
			name = Pods;
			sourceTree = "<group>";
		};
		B836E1F8A5AC2207C99F6F8A /* Frameworks */ = {
			isa = PBXGroup;
			children = (
				1F9C049793B51D81E21DBC74 /* Pods_WorkingQueue.framework */,
				B910F4FAB3F8696893C98049 /* Pods_WorkingQueueTests.framework */,
			);
			name = Frameworks;
			sourceTree = "<group>";
		};
/* End PBXGroup section */

/* Begin PBXNativeTarget section */
		3A741E902198C85E00763028 /* WorkingQueue */ = {
			isa = PBXNativeTarget;
			buildConfigurationList = 3A741EAE2198C86000763028 /* Build configuration list for PBXNativeTarget "WorkingQueue" */;
			buildPhases = (
				82E7EFFAA5FF3481779D813F /* [CP] Check Pods Manifest.lock */,
				3A741E8D2198C85E00763028 /* Sources */,
				3A741E8E2198C85E00763028 /* Frameworks */,
				3A741E8F2198C85E00763028 /* Resources */,
				794A3AB1049BCDBAE26383DE /* [CP] Embed Pods Frameworks */,
			);
			buildRules = (
			);
			dependencies = (
			);
			name = WorkingQueue;
			productName = WorkingQueue;
			productReference = 3A741E912198C85E00763028 /* WorkingQueue.app */;
			productType = "com.apple.product-type.application";
		};
		3A741EA42198C86000763028 /* WorkingQueueTests */ = {
			isa = PBXNativeTarget;
			buildConfigurationList = 3A741EB12198C86000763028 /* Build configuration list for PBXNativeTarget "WorkingQueueTests" */;
			buildPhases = (
				939036687CAC5C6B8BFC66AB /* [CP] Check Pods Manifest.lock */,
				3A741EA12198C86000763028 /* Sources */,
				3A741EA22198C86000763028 /* Frameworks */,
				3A741EA32198C86000763028 /* Resources */,
			);
			buildRules = (
			);
			dependencies = (
				3A741EA72198C86000763028 /* PBXTargetDependency */,
			);
			name = WorkingQueueTests;
			productName = WorkingQueueTests;
			productReference = 3A741EA52198C86000763028 /* WorkingQueueTests.xctest */;
			productType = "com.apple.product-type.bundle.unit-test";
		};
/* End PBXNativeTarget section */

/* Begin PBXProject section */
		3A741E892198C85E00763028 /* Project object */ = {
			isa = PBXProject;
			attributes = {
				LastSwiftUpdateCheck = 1000;
				LastUpgradeCheck = 1000;
				ORGANIZATIONNAME = "Adrian Świątek";
				TargetAttributes = {
					3A741E902198C85E00763028 = {
						CreatedOnToolsVersion = 10.0;
					};
					3A741EA42198C86000763028 = {
						CreatedOnToolsVersion = 10.0;
						TestTargetID = 3A741E902198C85E00763028;
					};
				};
			};
			buildConfigurationList = 3A741E8C2198C85E00763028 /* Build configuration list for PBXProject "WorkingQueue" */;
			compatibilityVersion = "Xcode 9.3";
			developmentRegion = en;
			hasScannedForEncodings = 0;
			knownRegions = (
				en,
				Base,
			);
			mainGroup = 3A741E882198C85E00763028;
			productRefGroup = 3A741E922198C85E00763028 /* Products */;
			projectDirPath = "";
			projectRoot = "";
			targets = (
				3A741E902198C85E00763028 /* WorkingQueue */,
				3A741EA42198C86000763028 /* WorkingQueueTests */,
			);
		};
/* End PBXProject section */

/* Begin PBXResourcesBuildPhase section */
		3A741E8F2198C85E00763028 /* Resources */ = {
			isa = PBXResourcesBuildPhase;
			buildActionMask = 2147483647;
			files = (
				3ADB89A7219A18A700FC2BA5 /* Assets.xcassets in Resources */,
				3A741E9F2198C86000763028 /* LaunchScreen.storyboard in Resources */,
			);
			runOnlyForDeploymentPostprocessing = 0;
		};
		3A741EA32198C86000763028 /* Resources */ = {
			isa = PBXResourcesBuildPhase;
			buildActionMask = 2147483647;
			files = (
			);
			runOnlyForDeploymentPostprocessing = 0;
		};
/* End PBXResourcesBuildPhase section */

/* Begin PBXShellScriptBuildPhase section */
		794A3AB1049BCDBAE26383DE /* [CP] Embed Pods Frameworks */ = {
			isa = PBXShellScriptBuildPhase;
			buildActionMask = 2147483647;
			files = (
			);
			inputPaths = (
				"${SRCROOT}/Pods/Target Support Files/Pods-WorkingQueue/Pods-WorkingQueue-frameworks.sh",
				"${BUILT_PRODUCTS_DIR}/Toast-Swift/Toast_Swift.framework",
			);
			name = "[CP] Embed Pods Frameworks";
			outputPaths = (
				"${TARGET_BUILD_DIR}/${FRAMEWORKS_FOLDER_PATH}/Toast_Swift.framework",
			);
			runOnlyForDeploymentPostprocessing = 0;
			shellPath = /bin/sh;
			shellScript = "\"${SRCROOT}/Pods/Target Support Files/Pods-WorkingQueue/Pods-WorkingQueue-frameworks.sh\"\n";
			showEnvVarsInLog = 0;
		};
		82E7EFFAA5FF3481779D813F /* [CP] Check Pods Manifest.lock */ = {
			isa = PBXShellScriptBuildPhase;
			buildActionMask = 2147483647;
			files = (
			);
			inputPaths = (
				"${PODS_PODFILE_DIR_PATH}/Podfile.lock",
				"${PODS_ROOT}/Manifest.lock",
			);
			name = "[CP] Check Pods Manifest.lock";
			outputPaths = (
				"$(DERIVED_FILE_DIR)/Pods-WorkingQueue-checkManifestLockResult.txt",
			);
			runOnlyForDeploymentPostprocessing = 0;
			shellPath = /bin/sh;
			shellScript = "diff \"${PODS_PODFILE_DIR_PATH}/Podfile.lock\" \"${PODS_ROOT}/Manifest.lock\" > /dev/null\nif [ $? != 0 ] ; then\n    # print error to STDERR\n    echo \"error: The sandbox is not in sync with the Podfile.lock. Run 'pod install' or update your CocoaPods installation.\" >&2\n    exit 1\nfi\n# This output is used by Xcode 'outputs' to avoid re-running this script phase.\necho \"SUCCESS\" > \"${SCRIPT_OUTPUT_FILE_0}\"\n";
			showEnvVarsInLog = 0;
		};
		939036687CAC5C6B8BFC66AB /* [CP] Check Pods Manifest.lock */ = {
			isa = PBXShellScriptBuildPhase;
			buildActionMask = 2147483647;
			files = (
			);
			inputPaths = (
				"${PODS_PODFILE_DIR_PATH}/Podfile.lock",
				"${PODS_ROOT}/Manifest.lock",
			);
			name = "[CP] Check Pods Manifest.lock";
			outputPaths = (
				"$(DERIVED_FILE_DIR)/Pods-WorkingQueueTests-checkManifestLockResult.txt",
			);
			runOnlyForDeploymentPostprocessing = 0;
			shellPath = /bin/sh;
			shellScript = "diff \"${PODS_PODFILE_DIR_PATH}/Podfile.lock\" \"${PODS_ROOT}/Manifest.lock\" > /dev/null\nif [ $? != 0 ] ; then\n    # print error to STDERR\n    echo \"error: The sandbox is not in sync with the Podfile.lock. Run 'pod install' or update your CocoaPods installation.\" >&2\n    exit 1\nfi\n# This output is used by Xcode 'outputs' to avoid re-running this script phase.\necho \"SUCCESS\" > \"${SCRIPT_OUTPUT_FILE_0}\"\n";
			showEnvVarsInLog = 0;
		};
/* End PBXShellScriptBuildPhase section */

/* Begin PBXSourcesBuildPhase section */
		3A741E8D2198C85E00763028 /* Sources */ = {
			isa = PBXSourcesBuildPhase;
			buildActionMask = 2147483647;
			files = (
				3A58231E2205AFC10095E479 /* DequeuePopupButton.swift in Sources */,
				3AE58C5C2204C26C00616CBA /* DequeuePopupController.swift in Sources */,
				3A23B4E221A08A74003AC3ED /* QueueWithSectionsDelegate.swift in Sources */,
				3AD0AE0621F51D8A0072BA2A /* WorkflowEntry.swift in Sources */,
				3A741EB92198DEE700763028 /* EnqueuePopupBuilder.swift in Sources */,
				3AB8C6B421C866D1008C26F5 /* UIBarStyleExtensions.swift in Sources */,
				3A49C8EE2220BD0100D25B8C /* ColorThemeSettingCell.swift in Sources */,
				3A778BD92214E72A00CA82C7 /* SettingsController.swift in Sources */,
				3A5B8BE121CDACAB00DEF3DE /* WorkflowCell.swift in Sources */,
				3AE58C5A2204C1CA00616CBA /* DequeuePopupBuilder.swift in Sources */,
				3ADB89A3219A025900FC2BA5 /* ControlBar.swift in Sources */,
				3AB8C6AC21C84789008C26F5 /* DarkColorTheme.swift in Sources */,
				3A741E972198C85E00763028 /* ViewController.swift in Sources */,
				3AA05A1E21C93A6B00C32C7E /* WorkflowsController.swift in Sources */,
				3AD0AE0821F51E290072BA2A /* QueueEntry.swift in Sources */,
				3AB8C6A521C844A9008C26F5 /* Theme.swift in Sources */,
				3AA150F8220624A8008E7727 /* UIViewControllerExtensions.swift in Sources */,
				3AB8C6B221C84CCD008C26F5 /* UIColorExtensions.swift in Sources */,
				3AE58C5E2204CDEE00616CBA /* PopupBuilder.swift in Sources */,
				3ADB89A5219A0D6100FC2BA5 /* ControlBarDelegate.swift in Sources */,
				3AB8C6AA21C84771008C26F5 /* ColorTheme.swift in Sources */,
				3A778BDB2214EC9F00CA82C7 /* UIStatusBarStyleExtensions.swift in Sources */,
				3A9B6253220F818100B68BD1 /* MainContainerController.swift in Sources */,
				3A741E952198C85E00763028 /* AppDelegate.swift in Sources */,
				3A741EB52198D6B900763028 /* SingleQueueController.swift in Sources */,
				3A17BF9021A35AB300B22DCA /* EnqueuePopupController.swift in Sources */,
				3ADB899B2199EC8500FC2BA5 /* DeleteContextualAction.swift in Sources */,
				3A3B032F21A0248600FD1121 /* QueueWithSections.swift in Sources */,
				3AB8C6A821C8475D008C26F5 /* ColorThemeType.swift in Sources */,
				3A92995B219AA8CE001A6ECD /* SingleQueueHeaderLabel.swift in Sources */,
				3AB8C6AE21C847A3008C26F5 /* LightColorTheme.swift in Sources */,
				3A23B4E421A0A1B7003AC3ED /* QueueWithSectionsOptions.swift in Sources */,
				3A494ABF22370FA300C6EB75 /* ColorThemeChangeable.swift in Sources */,
				3A494AC122371BEE00C6EB75 /* UINavigationControllerExtensions.swift in Sources */,
			);
			runOnlyForDeploymentPostprocessing = 0;
		};
		3A741EA12198C86000763028 /* Sources */ = {
			isa = PBXSourcesBuildPhase;
			buildActionMask = 2147483647;
			files = (
				3A741EAA2198C86000763028 /* WorkingQueueTests.swift in Sources */,
			);
			runOnlyForDeploymentPostprocessing = 0;
		};
/* End PBXSourcesBuildPhase section */

/* Begin PBXTargetDependency section */
		3A741EA72198C86000763028 /* PBXTargetDependency */ = {
			isa = PBXTargetDependency;
			target = 3A741E902198C85E00763028 /* WorkingQueue */;
			targetProxy = 3A741EA62198C86000763028 /* PBXContainerItemProxy */;
		};
/* End PBXTargetDependency section */

/* Begin PBXVariantGroup section */
		3A741E9D2198C86000763028 /* LaunchScreen.storyboard */ = {
			isa = PBXVariantGroup;
			children = (
				3A741E9E2198C86000763028 /* Base */,
			);
			name = LaunchScreen.storyboard;
			sourceTree = "<group>";
		};
/* End PBXVariantGroup section */

/* Begin XCBuildConfiguration section */
		3A741EAC2198C86000763028 /* Debug */ = {
			isa = XCBuildConfiguration;
			buildSettings = {
				ALWAYS_SEARCH_USER_PATHS = NO;
				CLANG_ANALYZER_NONNULL = YES;
				CLANG_ANALYZER_NUMBER_OBJECT_CONVERSION = YES_AGGRESSIVE;
				CLANG_CXX_LANGUAGE_STANDARD = "gnu++14";
				CLANG_CXX_LIBRARY = "libc++";
				CLANG_ENABLE_MODULES = YES;
				CLANG_ENABLE_OBJC_ARC = YES;
				CLANG_ENABLE_OBJC_WEAK = YES;
				CLANG_WARN_BLOCK_CAPTURE_AUTORELEASING = YES;
				CLANG_WARN_BOOL_CONVERSION = YES;
				CLANG_WARN_COMMA = YES;
				CLANG_WARN_CONSTANT_CONVERSION = YES;
				CLANG_WARN_DEPRECATED_OBJC_IMPLEMENTATIONS = YES;
				CLANG_WARN_DIRECT_OBJC_ISA_USAGE = YES_ERROR;
				CLANG_WARN_DOCUMENTATION_COMMENTS = YES;
				CLANG_WARN_EMPTY_BODY = YES;
				CLANG_WARN_ENUM_CONVERSION = YES;
				CLANG_WARN_INFINITE_RECURSION = YES;
				CLANG_WARN_INT_CONVERSION = YES;
				CLANG_WARN_NON_LITERAL_NULL_CONVERSION = YES;
				CLANG_WARN_OBJC_IMPLICIT_RETAIN_SELF = YES;
				CLANG_WARN_OBJC_LITERAL_CONVERSION = YES;
				CLANG_WARN_OBJC_ROOT_CLASS = YES_ERROR;
				CLANG_WARN_RANGE_LOOP_ANALYSIS = YES;
				CLANG_WARN_STRICT_PROTOTYPES = YES;
				CLANG_WARN_SUSPICIOUS_MOVE = YES;
				CLANG_WARN_UNGUARDED_AVAILABILITY = YES_AGGRESSIVE;
				CLANG_WARN_UNREACHABLE_CODE = YES;
				CLANG_WARN__DUPLICATE_METHOD_MATCH = YES;
				CODE_SIGN_IDENTITY = "iPhone Developer";
				COPY_PHASE_STRIP = NO;
				DEBUG_INFORMATION_FORMAT = dwarf;
				ENABLE_STRICT_OBJC_MSGSEND = YES;
				ENABLE_TESTABILITY = YES;
				GCC_C_LANGUAGE_STANDARD = gnu11;
				GCC_DYNAMIC_NO_PIC = NO;
				GCC_NO_COMMON_BLOCKS = YES;
				GCC_OPTIMIZATION_LEVEL = 0;
				GCC_PREPROCESSOR_DEFINITIONS = (
					"DEBUG=1",
					"$(inherited)",
				);
				GCC_WARN_64_TO_32_BIT_CONVERSION = YES;
				GCC_WARN_ABOUT_RETURN_TYPE = YES_ERROR;
				GCC_WARN_UNDECLARED_SELECTOR = YES;
				GCC_WARN_UNINITIALIZED_AUTOS = YES_AGGRESSIVE;
				GCC_WARN_UNUSED_FUNCTION = YES;
				GCC_WARN_UNUSED_VARIABLE = YES;
				IPHONEOS_DEPLOYMENT_TARGET = 12.0;
				MTL_ENABLE_DEBUG_INFO = INCLUDE_SOURCE;
				MTL_FAST_MATH = YES;
				ONLY_ACTIVE_ARCH = YES;
				SDKROOT = iphoneos;
				SWIFT_ACTIVE_COMPILATION_CONDITIONS = DEBUG;
				SWIFT_OPTIMIZATION_LEVEL = "-Onone";
			};
			name = Debug;
		};
		3A741EAD2198C86000763028 /* Release */ = {
			isa = XCBuildConfiguration;
			buildSettings = {
				ALWAYS_SEARCH_USER_PATHS = NO;
				CLANG_ANALYZER_NONNULL = YES;
				CLANG_ANALYZER_NUMBER_OBJECT_CONVERSION = YES_AGGRESSIVE;
				CLANG_CXX_LANGUAGE_STANDARD = "gnu++14";
				CLANG_CXX_LIBRARY = "libc++";
				CLANG_ENABLE_MODULES = YES;
				CLANG_ENABLE_OBJC_ARC = YES;
				CLANG_ENABLE_OBJC_WEAK = YES;
				CLANG_WARN_BLOCK_CAPTURE_AUTORELEASING = YES;
				CLANG_WARN_BOOL_CONVERSION = YES;
				CLANG_WARN_COMMA = YES;
				CLANG_WARN_CONSTANT_CONVERSION = YES;
				CLANG_WARN_DEPRECATED_OBJC_IMPLEMENTATIONS = YES;
				CLANG_WARN_DIRECT_OBJC_ISA_USAGE = YES_ERROR;
				CLANG_WARN_DOCUMENTATION_COMMENTS = YES;
				CLANG_WARN_EMPTY_BODY = YES;
				CLANG_WARN_ENUM_CONVERSION = YES;
				CLANG_WARN_INFINITE_RECURSION = YES;
				CLANG_WARN_INT_CONVERSION = YES;
				CLANG_WARN_NON_LITERAL_NULL_CONVERSION = YES;
				CLANG_WARN_OBJC_IMPLICIT_RETAIN_SELF = YES;
				CLANG_WARN_OBJC_LITERAL_CONVERSION = YES;
				CLANG_WARN_OBJC_ROOT_CLASS = YES_ERROR;
				CLANG_WARN_RANGE_LOOP_ANALYSIS = YES;
				CLANG_WARN_STRICT_PROTOTYPES = YES;
				CLANG_WARN_SUSPICIOUS_MOVE = YES;
				CLANG_WARN_UNGUARDED_AVAILABILITY = YES_AGGRESSIVE;
				CLANG_WARN_UNREACHABLE_CODE = YES;
				CLANG_WARN__DUPLICATE_METHOD_MATCH = YES;
				CODE_SIGN_IDENTITY = "iPhone Developer";
				COPY_PHASE_STRIP = NO;
				DEBUG_INFORMATION_FORMAT = "dwarf-with-dsym";
				ENABLE_NS_ASSERTIONS = NO;
				ENABLE_STRICT_OBJC_MSGSEND = YES;
				GCC_C_LANGUAGE_STANDARD = gnu11;
				GCC_NO_COMMON_BLOCKS = YES;
				GCC_WARN_64_TO_32_BIT_CONVERSION = YES;
				GCC_WARN_ABOUT_RETURN_TYPE = YES_ERROR;
				GCC_WARN_UNDECLARED_SELECTOR = YES;
				GCC_WARN_UNINITIALIZED_AUTOS = YES_AGGRESSIVE;
				GCC_WARN_UNUSED_FUNCTION = YES;
				GCC_WARN_UNUSED_VARIABLE = YES;
				IPHONEOS_DEPLOYMENT_TARGET = 12.0;
				MTL_ENABLE_DEBUG_INFO = NO;
				MTL_FAST_MATH = YES;
				SDKROOT = iphoneos;
				SWIFT_COMPILATION_MODE = wholemodule;
				SWIFT_OPTIMIZATION_LEVEL = "-O";
				VALIDATE_PRODUCT = YES;
			};
			name = Release;
		};
		3A741EAF2198C86000763028 /* Debug */ = {
			isa = XCBuildConfiguration;
			baseConfigurationReference = 3FB390107C3F5551CECCC0A8 /* Pods-WorkingQueue.debug.xcconfig */;
			buildSettings = {
				ASSETCATALOG_COMPILER_APPICON_NAME = AppIcon;
				CODE_SIGN_STYLE = Automatic;
				DEVELOPMENT_TEAM = Q924VJ4PLT;
				INFOPLIST_FILE = WorkingQueue/Info.plist;
				LD_RUNPATH_SEARCH_PATHS = (
					"$(inherited)",
					"@executable_path/Frameworks",
				);
				PRODUCT_BUNDLE_IDENTIFIER = pl.aswiatek.WorkingQueue;
				PRODUCT_NAME = "$(TARGET_NAME)";
				SWIFT_VERSION = 4.2;
				TARGETED_DEVICE_FAMILY = "1,2";
			};
			name = Debug;
		};
		3A741EB02198C86000763028 /* Release */ = {
			isa = XCBuildConfiguration;
			baseConfigurationReference = 7336A9F261E67BE056EE7D55 /* Pods-WorkingQueue.release.xcconfig */;
			buildSettings = {
				ASSETCATALOG_COMPILER_APPICON_NAME = AppIcon;
				CODE_SIGN_STYLE = Automatic;
				DEVELOPMENT_TEAM = Q924VJ4PLT;
				INFOPLIST_FILE = WorkingQueue/Info.plist;
				LD_RUNPATH_SEARCH_PATHS = (
					"$(inherited)",
					"@executable_path/Frameworks",
				);
				PRODUCT_BUNDLE_IDENTIFIER = pl.aswiatek.WorkingQueue;
				PRODUCT_NAME = "$(TARGET_NAME)";
				SWIFT_VERSION = 4.2;
				TARGETED_DEVICE_FAMILY = "1,2";
			};
			name = Release;
		};
		3A741EB22198C86000763028 /* Debug */ = {
			isa = XCBuildConfiguration;
			baseConfigurationReference = 6948198C17FD9A02F4E09022 /* Pods-WorkingQueueTests.debug.xcconfig */;
			buildSettings = {
				ALWAYS_EMBED_SWIFT_STANDARD_LIBRARIES = YES;
				BUNDLE_LOADER = "$(TEST_HOST)";
				CODE_SIGN_STYLE = Automatic;
				DEVELOPMENT_TEAM = Q924VJ4PLT;
				INFOPLIST_FILE = WorkingQueueTests/Info.plist;
				LD_RUNPATH_SEARCH_PATHS = (
					"$(inherited)",
					"@executable_path/Frameworks",
					"@loader_path/Frameworks",
				);
				PRODUCT_BUNDLE_IDENTIFIER = pl.aswiatek.WorkingQueueTests;
				PRODUCT_NAME = "$(TARGET_NAME)";
				SWIFT_VERSION = 4.2;
				TARGETED_DEVICE_FAMILY = "1,2";
				TEST_HOST = "$(BUILT_PRODUCTS_DIR)/WorkingQueue.app/WorkingQueue";
			};
			name = Debug;
		};
		3A741EB32198C86000763028 /* Release */ = {
			isa = XCBuildConfiguration;
			baseConfigurationReference = CC48AD75B2F97A64C45528C6 /* Pods-WorkingQueueTests.release.xcconfig */;
			buildSettings = {
				ALWAYS_EMBED_SWIFT_STANDARD_LIBRARIES = YES;
				BUNDLE_LOADER = "$(TEST_HOST)";
				CODE_SIGN_STYLE = Automatic;
				DEVELOPMENT_TEAM = Q924VJ4PLT;
				INFOPLIST_FILE = WorkingQueueTests/Info.plist;
				LD_RUNPATH_SEARCH_PATHS = (
					"$(inherited)",
					"@executable_path/Frameworks",
					"@loader_path/Frameworks",
				);
				PRODUCT_BUNDLE_IDENTIFIER = pl.aswiatek.WorkingQueueTests;
				PRODUCT_NAME = "$(TARGET_NAME)";
				SWIFT_VERSION = 4.2;
				TARGETED_DEVICE_FAMILY = "1,2";
				TEST_HOST = "$(BUILT_PRODUCTS_DIR)/WorkingQueue.app/WorkingQueue";
			};
			name = Release;
		};
/* End XCBuildConfiguration section */

/* Begin XCConfigurationList section */
		3A741E8C2198C85E00763028 /* Build configuration list for PBXProject "WorkingQueue" */ = {
			isa = XCConfigurationList;
			buildConfigurations = (
				3A741EAC2198C86000763028 /* Debug */,
				3A741EAD2198C86000763028 /* Release */,
			);
			defaultConfigurationIsVisible = 0;
			defaultConfigurationName = Release;
		};
		3A741EAE2198C86000763028 /* Build configuration list for PBXNativeTarget "WorkingQueue" */ = {
			isa = XCConfigurationList;
			buildConfigurations = (
				3A741EAF2198C86000763028 /* Debug */,
				3A741EB02198C86000763028 /* Release */,
			);
			defaultConfigurationIsVisible = 0;
			defaultConfigurationName = Release;
		};
		3A741EB12198C86000763028 /* Build configuration list for PBXNativeTarget "WorkingQueueTests" */ = {
			isa = XCConfigurationList;
			buildConfigurations = (
				3A741EB22198C86000763028 /* Debug */,
				3A741EB32198C86000763028 /* Release */,
			);
			defaultConfigurationIsVisible = 0;
			defaultConfigurationName = Release;
		};
/* End XCConfigurationList section */
	};
	rootObject = 3A741E892198C85E00763028 /* Project object */;
}
